Microsoft Visual Studio Solution File, Format Version 11.00
# Visual Studio 2010
Project("{FAE04EC0-301F-11D3-BF4B-00C04F79EFBC}") = "Eagle.MonoDevelop2010", "Eagle.MonoDevelop2010.csproj", "{A36A9A52-5997-4ADE-A497-AB753664F74E}"
EndProject
Project("{FAE04EC0-301F-11D3-BF4B-00C04F79EFBC}") = "Eagle2010", "..\Library\Eagle2010.csproj", "{2D4021DA-415C-4FAD-95FF-6ACA0974A677}"
EndProject
Global
	GlobalSection(SolutionConfigurationPlatforms) = preSolution
		Debug|Any CPU = Debug|Any CPU
		Release|Any CPU = Release|Any CPU
	EndGlobalSection
	GlobalSection(ProjectConfigurationPlatforms) = postSolution
		{A36A9A52-5997-4ADE-A497-AB753664F74E}.Debug|Any CPU.ActiveCfg = Debug|Any CPU
		{A36A9A52-5997-4ADE-A497-AB753664F74E}.Debug|Any CPU.Build.0 = Debug|Any CPU
		{A36A9A52-5997-4ADE-A497-AB753664F74E}.Release|Any CPU.ActiveCfg = Release|Any CPU
		{A36A9A52-5997-4ADE-A497-AB753664F74E}.Release|Any CPU.Build.0 = Release|Any CPU
		{2D4021DA-415C-4FAD-95FF-6ACA0974A677}.Debug|Any CPU.ActiveCfg = Debug|Any CPU
		{2D4021DA-415C-4FAD-95FF-6ACA0974A677}.Debug|Any CPU.Build.0 = Debug|Any CPU
		{2D4021DA-415C-4FAD-95FF-6ACA0974A677}.Release|Any CPU.ActiveCfg = Release|Any CPU
		{2D4021DA-415C-4FAD-95FF-6ACA0974A677}.Release|Any CPU.Build.0 = Release|Any CPU
	EndGlobalSection
	GlobalSection(SolutionProperties) = preSolution
		HideSolutionNode = FALSE
	EndGlobalSection
EndGlobal
